
Microsoft Visual Studio Solution File, Format Version 12.00
# Visual Studio Version 17
VisualStudioVersion = 17.4.33122.133
MinimumVisualStudioVersion = 10.0.40219.1
Project("{FAE04EC0-301F-11D3-BF4B-00C04F79EFBC}") = "eCommerce", "eCommerce.csproj", "{36F68D43-1234-4611-8E8B-96BBA9FC09E0}"
EndProject
Global
	GlobalSection(SolutionConfigurationPlatforms) = preSolution
		Debug|Any CPU = Debug|Any CPU
		Release|Any CPU = Release|Any CPU
	EndGlobalSection
	GlobalSection(ProjectConfigurationPlatforms) = postSolution
		{36F68D43-1234-4611-8E8B-96BBA9FC09E0}.Debug|Any CPU.ActiveCfg = Debug|Any CPU
		{36F68D43-1234-4611-8E8B-96BBA9FC09E0}.Debug|Any CPU.Build.0 = Debug|Any CPU
		{36F68D43-1234-4611-8E8B-96BBA9FC09E0}.Release|Any CPU.ActiveCfg = Release|Any CPU
		{36F68D43-1234-4611-8E8B-96BBA9FC09E0}.Release|Any CPU.Build.0 = Release|Any CPU
	EndGlobalSection
	GlobalSection(SolutionProperties) = preSolution
		HideSolutionNode = FALSE
	EndGlobalSection
	GlobalSection(ExtensibilityGlobals) = postSolution
		SolutionGuid = {2A6B569A-18EF-4EA1-99A7-11359B6F8A16}
	EndGlobalSection
EndGlobal
